
Microsoft Visual Studio Solution File, Format Version 12.00
# Visual Studio Version 17
VisualStudioVersion = 17.3.32819.101
MinimumVisualStudioVersion = 10.0.40219.1
Project("{FAE04EC0-301F-11D3-BF4B-00C04F79EFBC}") = "jwtToken", "jwtToken\jwtToken.csproj", "{959CA6B4-2946-4C4D-A9D7-A43C550DB598}"
EndProject
Global
	GlobalSection(SolutionConfigurationPlatforms) = preSolution
		Debug|Any CPU = Debug|Any CPU
		Release|Any CPU = Release|Any CPU
	EndGlobalSection
	GlobalSection(ProjectConfigurationPlatforms) = postSolution
		{959CA6B4-2946-4C4D-A9D7-A43C550DB598}.Debug|Any CPU.ActiveCfg = Debug|Any CPU
		{959CA6B4-2946-4C4D-A9D7-A43C550DB598}.Debug|Any CPU.Build.0 = Debug|Any CPU
		{959CA6B4-2946-4C4D-A9D7-A43C550DB598}.Release|Any CPU.ActiveCfg = Release|Any CPU
		{959CA6B4-2946-4C4D-A9D7-A43C550DB598}.Release|Any CPU.Build.0 = Release|Any CPU
	EndGlobalSection
	GlobalSection(SolutionProperties) = preSolution
		HideSolutionNode = FALSE
	EndGlobalSection
	GlobalSection(ExtensibilityGlobals) = postSolution
		SolutionGuid = {66624046-146B-4CD2-9248-0AF7745635D0}
	EndGlobalSection
EndGlobal
